
Microsoft Visual Studio Solution File, Format Version 12.00
# Visual Studio Version 16
VisualStudioVersion = 16.0.31005.135
MinimumVisualStudioVersion = 10.0.40219.1
Project("{FAE04EC0-301F-11D3-BF4B-00C04F79EFBC}") = "GitFolks", "GitFolks.csproj", "{0FFA2D29-FA62-4FE8-8B08-D05919FAF39B}"
EndProject
Global
	GlobalSection(SolutionConfigurationPlatforms) = preSolution
		Debug|Any CPU = Debug|Any CPU
		Release|Any CPU = Release|Any CPU
	EndGlobalSection
	GlobalSection(ProjectConfigurationPlatforms) = postSolution
		{0FFA2D29-FA62-4FE8-8B08-D05919FAF39B}.Debug|Any CPU.ActiveCfg = Debug|Any CPU
		{0FFA2D29-FA62-4FE8-8B08-D05919FAF39B}.Debug|Any CPU.Build.0 = Debug|Any CPU
		{0FFA2D29-FA62-4FE8-8B08-D05919FAF39B}.Release|Any CPU.ActiveCfg = Release|Any CPU
		{0FFA2D29-FA62-4FE8-8B08-D05919FAF39B}.Release|Any CPU.Build.0 = Release|Any CPU
	EndGlobalSection
	GlobalSection(SolutionProperties) = preSolution
		HideSolutionNode = FALSE
	EndGlobalSection
	GlobalSection(ExtensibilityGlobals) = postSolution
		SolutionGuid = {1C50CDB0-F038-4ABB-8251-99ECCF2967F3}
	EndGlobalSection
EndGlobal
